
Microsoft Visual Studio Solution File, Format Version 12.00
# Visual Studio 2012
Project("{FAE04EC0-301F-11D3-BF4B-00C04F79EFBC}") = "SQLiteADOTestSDK", "SQLiteADOTestSDK\SQLiteADOTestSDK.csproj", "{62071493-A431-4F27-93B2-48561E69C167}"
EndProject
Global
	GlobalSection(SolutionConfigurationPlatforms) = preSolution
		Debug|Any CPU = Debug|Any CPU
		Release|Any CPU = Release|Any CPU
	EndGlobalSection
	GlobalSection(ProjectConfigurationPlatforms) = postSolution
		{62071493-A431-4F27-93B2-48561E69C167}.Debug|Any CPU.ActiveCfg = Debug|Any CPU
		{62071493-A431-4F27-93B2-48561E69C167}.Debug|Any CPU.Build.0 = Debug|Any CPU
		{62071493-A431-4F27-93B2-48561E69C167}.Debug|Any CPU.Deploy.0 = Debug|Any CPU
		{62071493-A431-4F27-93B2-48561E69C167}.Release|Any CPU.ActiveCfg = Release|Any CPU
		{62071493-A431-4F27-93B2-48561E69C167}.Release|Any CPU.Build.0 = Release|Any CPU
		{62071493-A431-4F27-93B2-48561E69C167}.Release|Any CPU.Deploy.0 = Release|Any CPU
	EndGlobalSection
	GlobalSection(SolutionProperties) = preSolution
		HideSolutionNode = FALSE
	EndGlobalSection
EndGlobal
